
Microsoft Visual Studio Solution File, Format Version 12.00
# Visual Studio Version 16
VisualStudioVersion = 16.0.31205.134
MinimumVisualStudioVersion = 10.0.40219.1
Project("{FAE04EC0-301F-11D3-BF4B-00C04F79EFBC}") = "CompleteApp.Business", "src\CompleteApp.Business\CompleteApp.Business.csproj", "{12B00304-09BC-4ACA-AEDA-4A22F2D32A5C}"
EndProject
Project("{FAE04EC0-301F-11D3-BF4B-00C04F79EFBC}") = "CompleteApp.Data", "src\CompleteApp.Data\CompleteApp.Data.csproj", "{B64F548E-B857-45E1-B0A2-2DF791C42CA7}"
EndProject
Project("{FAE04EC0-301F-11D3-BF4B-00C04F79EFBC}") = "CompleteApp.Api", "src\CompleteApp.Api\CompleteApp.Api.csproj", "{C6BFBA42-3F24-4207-BEEC-47B99E17C88E}"
EndProject
Global
	GlobalSection(SolutionConfigurationPlatforms) = preSolution
		Debug|Any CPU = Debug|Any CPU
		Release|Any CPU = Release|Any CPU
	EndGlobalSection
	GlobalSection(ProjectConfigurationPlatforms) = postSolution
		{12B00304-09BC-4ACA-AEDA-4A22F2D32A5C}.Debug|Any CPU.ActiveCfg = Debug|Any CPU
		{12B00304-09BC-4ACA-AEDA-4A22F2D32A5C}.Debug|Any CPU.Build.0 = Debug|Any CPU
		{12B00304-09BC-4ACA-AEDA-4A22F2D32A5C}.Release|Any CPU.ActiveCfg = Release|Any CPU
		{12B00304-09BC-4ACA-AEDA-4A22F2D32A5C}.Release|Any CPU.Build.0 = Release|Any CPU
		{B64F548E-B857-45E1-B0A2-2DF791C42CA7}.Debug|Any CPU.ActiveCfg = Debug|Any CPU
		{B64F548E-B857-45E1-B0A2-2DF791C42CA7}.Debug|Any CPU.Build.0 = Debug|Any CPU
		{B64F548E-B857-45E1-B0A2-2DF791C42CA7}.Release|Any CPU.ActiveCfg = Release|Any CPU
		{B64F548E-B857-45E1-B0A2-2DF791C42CA7}.Release|Any CPU.Build.0 = Release|Any CPU
		{C6BFBA42-3F24-4207-BEEC-47B99E17C88E}.Debug|Any CPU.ActiveCfg = Debug|Any CPU
		{C6BFBA42-3F24-4207-BEEC-47B99E17C88E}.Debug|Any CPU.Build.0 = Debug|Any CPU
		{C6BFBA42-3F24-4207-BEEC-47B99E17C88E}.Release|Any CPU.ActiveCfg = Release|Any CPU
		{C6BFBA42-3F24-4207-BEEC-47B99E17C88E}.Release|Any CPU.Build.0 = Release|Any CPU
	EndGlobalSection
	GlobalSection(SolutionProperties) = preSolution
		HideSolutionNode = FALSE
	EndGlobalSection
	GlobalSection(ExtensibilityGlobals) = postSolution
		SolutionGuid = {CB70786C-18F8-429E-BE27-594997CAAAF8}
	EndGlobalSection
EndGlobal
