
Microsoft Visual Studio Solution File, Format Version 12.00
# Visual Studio Version 16
VisualStudioVersion = 16.0.31205.134
MinimumVisualStudioVersion = 10.0.40219.1
Project("{2150E333-8FDC-42A3-9474-1A3956D46DE8}") = "01 - Unit Tests", "01 - Unit Tests", "{D5420039-6E21-470A-AC98-45DF9C508129}"
EndProject
Project("{2150E333-8FDC-42A3-9474-1A3956D46DE8}") = "1.1 - Basic Tests", "1.1 - Basic Tests", "{269EF4FB-C1AE-416E-BFB4-4C037FE57E0C}"
EndProject
Project("{9A19103F-16F7-4668-BE54-9A1E7A4F7556}") = "Demo", "01 - Unit Tests\Demo\Demo.csproj", "{007481FA-2319-435A-9E09-5A95032DF041}"
EndProject
Project("{9A19103F-16F7-4668-BE54-9A1E7A4F7556}") = "Demo.Tests", "01 - Unit Tests\Demo.Tests\Demo.Tests.csproj", "{0BFC6DD5-3819-41B9-9C84-9C2FF2AECD71}"
EndProject
Project("{2150E333-8FDC-42A3-9474-1A3956D46DE8}") = "1.2 - Features", "1.2 - Features", "{96EA9CFB-A3F2-48D6-91FA-A32497A24ADF}"
EndProject
Project("{9A19103F-16F7-4668-BE54-9A1E7A4F7556}") = "Features", "01 - Unit Tests\Features\Features.csproj", "{E915F970-5977-4FAC-B2C2-8FF7F233BD5A}"
EndProject
Project("{9A19103F-16F7-4668-BE54-9A1E7A4F7556}") = "Features.Tests", "01 - Unit Tests\Features.Tests\Features.Tests.csproj", "{24B968F1-7719-472F-BCC1-862A343B4945}"
EndProject
Project("{2150E333-8FDC-42A3-9474-1A3956D46DE8}") = "02 - TDD", "02 - TDD", "{B5981F16-9E7B-41B8-A845-FB032CBBEC13}"
EndProject
Project("{2150E333-8FDC-42A3-9474-1A3956D46DE8}") = "Tests", "Tests", "{92B9FD0A-2709-4DB0-9939-D2101EBD62A1}"
EndProject
Project("{9A19103F-16F7-4668-BE54-9A1E7A4F7556}") = "MyStore.Sales.Application.Tests", "02 - TDD\tests\MyStore.Sales.Application.Tests\MyStore.Sales.Application.Tests.csproj", "{FC53A77D-0B75-4E97-B3E0-7B86EE5B2D15}"
EndProject
Project("{9A19103F-16F7-4668-BE54-9A1E7A4F7556}") = "MyStore.Sales.Domain.Tests", "02 - TDD\tests\MyStore.Sales.Domain.Tests\MyStore.Sales.Domain.Tests.csproj", "{B4835B2B-3DA4-441B-B04B-197357B34615}"
EndProject
Project("{9A19103F-16F7-4668-BE54-9A1E7A4F7556}") = "MyStore.Sales.Domain", "02 - TDD\src\MyStore.Sales.Domain\MyStore.Sales.Domain.csproj", "{A94E0198-AF34-409D-AEC4-C0F81F65BACA}"
EndProject
Project("{FAE04EC0-301F-11D3-BF4B-00C04F79EFBC}") = "MyStore.Core", "02 - TDD\src\MyStore.Core\MyStore.Core.csproj", "{31B20AB9-601B-4C4D-94A2-B8B71FFA4143}"
EndProject
Global
	GlobalSection(SolutionConfigurationPlatforms) = preSolution
		Debug|Any CPU = Debug|Any CPU
		Release|Any CPU = Release|Any CPU
	EndGlobalSection
	GlobalSection(ProjectConfigurationPlatforms) = postSolution
		{007481FA-2319-435A-9E09-5A95032DF041}.Debug|Any CPU.ActiveCfg = Debug|Any CPU
		{007481FA-2319-435A-9E09-5A95032DF041}.Debug|Any CPU.Build.0 = Debug|Any CPU
		{007481FA-2319-435A-9E09-5A95032DF041}.Release|Any CPU.ActiveCfg = Release|Any CPU
		{007481FA-2319-435A-9E09-5A95032DF041}.Release|Any CPU.Build.0 = Release|Any CPU
		{0BFC6DD5-3819-41B9-9C84-9C2FF2AECD71}.Debug|Any CPU.ActiveCfg = Debug|Any CPU
		{0BFC6DD5-3819-41B9-9C84-9C2FF2AECD71}.Debug|Any CPU.Build.0 = Debug|Any CPU
		{0BFC6DD5-3819-41B9-9C84-9C2FF2AECD71}.Release|Any CPU.ActiveCfg = Release|Any CPU
		{0BFC6DD5-3819-41B9-9C84-9C2FF2AECD71}.Release|Any CPU.Build.0 = Release|Any CPU
		{E915F970-5977-4FAC-B2C2-8FF7F233BD5A}.Debug|Any CPU.ActiveCfg = Debug|Any CPU
		{E915F970-5977-4FAC-B2C2-8FF7F233BD5A}.Debug|Any CPU.Build.0 = Debug|Any CPU
		{E915F970-5977-4FAC-B2C2-8FF7F233BD5A}.Release|Any CPU.ActiveCfg = Release|Any CPU
		{E915F970-5977-4FAC-B2C2-8FF7F233BD5A}.Release|Any CPU.Build.0 = Release|Any CPU
		{24B968F1-7719-472F-BCC1-862A343B4945}.Debug|Any CPU.ActiveCfg = Debug|Any CPU
		{24B968F1-7719-472F-BCC1-862A343B4945}.Debug|Any CPU.Build.0 = Debug|Any CPU
		{24B968F1-7719-472F-BCC1-862A343B4945}.Release|Any CPU.ActiveCfg = Release|Any CPU
		{24B968F1-7719-472F-BCC1-862A343B4945}.Release|Any CPU.Build.0 = Release|Any CPU
		{FC53A77D-0B75-4E97-B3E0-7B86EE5B2D15}.Debug|Any CPU.ActiveCfg = Debug|Any CPU
		{FC53A77D-0B75-4E97-B3E0-7B86EE5B2D15}.Debug|Any CPU.Build.0 = Debug|Any CPU
		{FC53A77D-0B75-4E97-B3E0-7B86EE5B2D15}.Release|Any CPU.ActiveCfg = Release|Any CPU
		{FC53A77D-0B75-4E97-B3E0-7B86EE5B2D15}.Release|Any CPU.Build.0 = Release|Any CPU
		{B4835B2B-3DA4-441B-B04B-197357B34615}.Debug|Any CPU.ActiveCfg = Debug|Any CPU
		{B4835B2B-3DA4-441B-B04B-197357B34615}.Debug|Any CPU.Build.0 = Debug|Any CPU
		{B4835B2B-3DA4-441B-B04B-197357B34615}.Release|Any CPU.ActiveCfg = Release|Any CPU
		{B4835B2B-3DA4-441B-B04B-197357B34615}.Release|Any CPU.Build.0 = Release|Any CPU
		{A94E0198-AF34-409D-AEC4-C0F81F65BACA}.Debug|Any CPU.ActiveCfg = Debug|Any CPU
		{A94E0198-AF34-409D-AEC4-C0F81F65BACA}.Debug|Any CPU.Build.0 = Debug|Any CPU
		{A94E0198-AF34-409D-AEC4-C0F81F65BACA}.Release|Any CPU.ActiveCfg = Release|Any CPU
		{A94E0198-AF34-409D-AEC4-C0F81F65BACA}.Release|Any CPU.Build.0 = Release|Any CPU
		{31B20AB9-601B-4C4D-94A2-B8B71FFA4143}.Debug|Any CPU.ActiveCfg = Debug|Any CPU
		{31B20AB9-601B-4C4D-94A2-B8B71FFA4143}.Debug|Any CPU.Build.0 = Debug|Any CPU
		{31B20AB9-601B-4C4D-94A2-B8B71FFA4143}.Release|Any CPU.ActiveCfg = Release|Any CPU
		{31B20AB9-601B-4C4D-94A2-B8B71FFA4143}.Release|Any CPU.Build.0 = Release|Any CPU
	EndGlobalSection
	GlobalSection(SolutionProperties) = preSolution
		HideSolutionNode = FALSE
	EndGlobalSection
	GlobalSection(NestedProjects) = preSolution
		{269EF4FB-C1AE-416E-BFB4-4C037FE57E0C} = {D5420039-6E21-470A-AC98-45DF9C508129}
		{007481FA-2319-435A-9E09-5A95032DF041} = {269EF4FB-C1AE-416E-BFB4-4C037FE57E0C}
		{0BFC6DD5-3819-41B9-9C84-9C2FF2AECD71} = {269EF4FB-C1AE-416E-BFB4-4C037FE57E0C}
		{96EA9CFB-A3F2-48D6-91FA-A32497A24ADF} = {D5420039-6E21-470A-AC98-45DF9C508129}
		{E915F970-5977-4FAC-B2C2-8FF7F233BD5A} = {96EA9CFB-A3F2-48D6-91FA-A32497A24ADF}
		{24B968F1-7719-472F-BCC1-862A343B4945} = {96EA9CFB-A3F2-48D6-91FA-A32497A24ADF}
		{92B9FD0A-2709-4DB0-9939-D2101EBD62A1} = {B5981F16-9E7B-41B8-A845-FB032CBBEC13}
		{FC53A77D-0B75-4E97-B3E0-7B86EE5B2D15} = {92B9FD0A-2709-4DB0-9939-D2101EBD62A1}
		{B4835B2B-3DA4-441B-B04B-197357B34615} = {92B9FD0A-2709-4DB0-9939-D2101EBD62A1}
		{A94E0198-AF34-409D-AEC4-C0F81F65BACA} = {B5981F16-9E7B-41B8-A845-FB032CBBEC13}
		{31B20AB9-601B-4C4D-94A2-B8B71FFA4143} = {B5981F16-9E7B-41B8-A845-FB032CBBEC13}
	EndGlobalSection
	GlobalSection(ExtensibilityGlobals) = postSolution
		SolutionGuid = {32381F92-9ED0-4CF0-AD7B-516685504E93}
	EndGlobalSection
EndGlobal
