
Microsoft Visual Studio Solution File, Format Version 12.00
# Visual Studio Version 16
VisualStudioVersion = 16.0.31313.79
MinimumVisualStudioVersion = 10.0.40219.1
Project("{2150E333-8FDC-42A3-9474-1A3956D46DE8}") = "Services", "Services", "{734C1299-3BA9-490C-BF23-D97262C65E8C}"
EndProject
Project("{2150E333-8FDC-42A3-9474-1A3956D46DE8}") = "WebApps", "WebApps", "{692066E4-7A05-47D1-94D5-D6D56D73471A}"
EndProject
Project("{2150E333-8FDC-42A3-9474-1A3956D46DE8}") = "BuildingBlocks", "BuildingBlocks", "{444F5E37-D624-4431-9311-7152973CE910}"
EndProject
Project("{2150E333-8FDC-42A3-9474-1A3956D46DE8}") = "Registrations", "Registrations", "{E737B0D4-6812-470A-93F3-A3631DCEBB7B}"
EndProject
Project("{2150E333-8FDC-42A3-9474-1A3956D46DE8}") = "Core", "Core", "{D7B2C91D-5C5A-4CCB-81E9-CE1B90259D29}"
EndProject
Project("{2150E333-8FDC-42A3-9474-1A3956D46DE8}") = "Sales", "Sales", "{325B1219-950B-4259-8C3F-2200255F8FB8}"
EndProject
Project("{2150E333-8FDC-42A3-9474-1A3956D46DE8}") = "Taxes", "Taxes", "{F928A871-12A2-4F86-913F-13C7F5DBBAEB}"
EndProject
Project("{2150E333-8FDC-42A3-9474-1A3956D46DE8}") = "Payments", "Payments", "{1E5D4A22-5D65-4890-9D0C-70C9C75F2FE8}"
EndProject
Project("{2150E333-8FDC-42A3-9474-1A3956D46DE8}") = "Catalog", "Catalog", "{27B696F9-34D8-482B-A0DC-5F0A651FE749}"
EndProject
Project("{9A19103F-16F7-4668-BE54-9A1E7A4F7556}") = "NerdStore.Catalog.Domain", "src\NerdStore.Catalog.Domain\NerdStore.Catalog.Domain.csproj", "{8D56631C-5686-416D-A58E-1B5B537DD165}"
EndProject
Project("{9A19103F-16F7-4668-BE54-9A1E7A4F7556}") = "NerdStore.Core", "src\NerdStore.Core\NerdStore.Core.csproj", "{2A314090-28C8-4655-9618-B65D8E2F46B9}"
EndProject
Project("{2150E333-8FDC-42A3-9474-1A3956D46DE8}") = "Tests", "Tests", "{66246B64-B00E-4CE1-ACA4-350CEA93E14F}"
EndProject
Project("{9A19103F-16F7-4668-BE54-9A1E7A4F7556}") = "NerdStore.Catalog.Domain.Tests", "tests\NerdStore.Catalog.Domain.Tests\NerdStore.Catalog.Domain.Tests.csproj", "{EF0AB52B-C7CE-44B1-BEC3-6C092D681E1F}"
EndProject
Project("{9A19103F-16F7-4668-BE54-9A1E7A4F7556}") = "NerdStore.Catalog.Data", "src\NerdStore.Catalog.Data\NerdStore.Catalog.Data.csproj", "{06923EB3-39F4-4AA6-B18C-9CFB82B364BE}"
EndProject
Project("{9A19103F-16F7-4668-BE54-9A1E7A4F7556}") = "NerdStore.Catalog.Service", "src\NerdStore.Catalog.Service\NerdStore.Catalog.Service.csproj", "{9D21E75B-CD23-4927-BDBA-094E43F3F2F6}"
EndProject
Project("{9A19103F-16F7-4668-BE54-9A1E7A4F7556}") = "NerdStore.Catalog.Application", "src\NerdStore.Catalog.Application\NerdStore.Catalog.Application.csproj", "{5C64E06F-6DFD-4781-A313-07355D802612}"
EndProject
Project("{9A19103F-16F7-4668-BE54-9A1E7A4F7556}") = "NerdStore.WebApp.Mvc", "src\NerdStore.WebApp.Mvc\NerdStore.WebApp.Mvc.csproj", "{4E121630-5128-4A50-AFC9-A95E4235BD7F}"
EndProject
Project("{9A19103F-16F7-4668-BE54-9A1E7A4F7556}") = "NerdStore.Sales.Domain", "src\NerdStore.Sales.Domain\NerdStore.Sales.Domain.csproj", "{E6E800F3-4AAE-4C41-A2F6-A3D022EC96FF}"
EndProject
Project("{9A19103F-16F7-4668-BE54-9A1E7A4F7556}") = "NerdStore.Sales.Application", "src\NerdStore.Sales.Application\NerdStore.Sales.Application.csproj", "{0033FE31-4D70-4077-A334-D39D0D0AD983}"
EndProject
Project("{9A19103F-16F7-4668-BE54-9A1E7A4F7556}") = "NerdStore.Sales.Data", "src\NerdStore.Sales.Data\NerdStore.Sales.Data.csproj", "{EE42DE5C-B06F-4AC2-8EC8-07394A9C3505}"
EndProject
Project("{FAE04EC0-301F-11D3-BF4B-00C04F79EFBC}") = "NerdStore.Payments.AntiCorruption", "src\NerdStore.Payments.AntiCorruption\NerdStore.Payments.AntiCorruption.csproj", "{F827FC86-A7D6-46A4-A153-EE430EBF1F57}"
EndProject
Project("{FAE04EC0-301F-11D3-BF4B-00C04F79EFBC}") = "NerdStore.Payments.Business", "src\NerdStore.Payments.Business\NerdStore.Payments.Business.csproj", "{556F12C6-000D-4834-91D0-1C6481DFA16C}"
EndProject
Project("{FAE04EC0-301F-11D3-BF4B-00C04F79EFBC}") = "NerdStore.Payments.Data", "src\NerdStore.Payments.Data\NerdStore.Payments.Data.csproj", "{8E20A467-D96D-46EB-8169-9367F56C3C8F}"
EndProject
Global
	GlobalSection(SolutionConfigurationPlatforms) = preSolution
		Debug|Any CPU = Debug|Any CPU
		Release|Any CPU = Release|Any CPU
	EndGlobalSection
	GlobalSection(ProjectConfigurationPlatforms) = postSolution
		{8D56631C-5686-416D-A58E-1B5B537DD165}.Debug|Any CPU.ActiveCfg = Debug|Any CPU
		{8D56631C-5686-416D-A58E-1B5B537DD165}.Debug|Any CPU.Build.0 = Debug|Any CPU
		{8D56631C-5686-416D-A58E-1B5B537DD165}.Release|Any CPU.ActiveCfg = Release|Any CPU
		{8D56631C-5686-416D-A58E-1B5B537DD165}.Release|Any CPU.Build.0 = Release|Any CPU
		{2A314090-28C8-4655-9618-B65D8E2F46B9}.Debug|Any CPU.ActiveCfg = Debug|Any CPU
		{2A314090-28C8-4655-9618-B65D8E2F46B9}.Debug|Any CPU.Build.0 = Debug|Any CPU
		{2A314090-28C8-4655-9618-B65D8E2F46B9}.Release|Any CPU.ActiveCfg = Release|Any CPU
		{2A314090-28C8-4655-9618-B65D8E2F46B9}.Release|Any CPU.Build.0 = Release|Any CPU
		{EF0AB52B-C7CE-44B1-BEC3-6C092D681E1F}.Debug|Any CPU.ActiveCfg = Debug|Any CPU
		{EF0AB52B-C7CE-44B1-BEC3-6C092D681E1F}.Debug|Any CPU.Build.0 = Debug|Any CPU
		{EF0AB52B-C7CE-44B1-BEC3-6C092D681E1F}.Release|Any CPU.ActiveCfg = Release|Any CPU
		{EF0AB52B-C7CE-44B1-BEC3-6C092D681E1F}.Release|Any CPU.Build.0 = Release|Any CPU
		{06923EB3-39F4-4AA6-B18C-9CFB82B364BE}.Debug|Any CPU.ActiveCfg = Debug|Any CPU
		{06923EB3-39F4-4AA6-B18C-9CFB82B364BE}.Debug|Any CPU.Build.0 = Debug|Any CPU
		{06923EB3-39F4-4AA6-B18C-9CFB82B364BE}.Release|Any CPU.ActiveCfg = Release|Any CPU
		{06923EB3-39F4-4AA6-B18C-9CFB82B364BE}.Release|Any CPU.Build.0 = Release|Any CPU
		{9D21E75B-CD23-4927-BDBA-094E43F3F2F6}.Debug|Any CPU.ActiveCfg = Debug|Any CPU
		{9D21E75B-CD23-4927-BDBA-094E43F3F2F6}.Debug|Any CPU.Build.0 = Debug|Any CPU
		{9D21E75B-CD23-4927-BDBA-094E43F3F2F6}.Release|Any CPU.ActiveCfg = Release|Any CPU
		{9D21E75B-CD23-4927-BDBA-094E43F3F2F6}.Release|Any CPU.Build.0 = Release|Any CPU
		{5C64E06F-6DFD-4781-A313-07355D802612}.Debug|Any CPU.ActiveCfg = Debug|Any CPU
		{5C64E06F-6DFD-4781-A313-07355D802612}.Debug|Any CPU.Build.0 = Debug|Any CPU
		{5C64E06F-6DFD-4781-A313-07355D802612}.Release|Any CPU.ActiveCfg = Release|Any CPU
		{5C64E06F-6DFD-4781-A313-07355D802612}.Release|Any CPU.Build.0 = Release|Any CPU
		{4E121630-5128-4A50-AFC9-A95E4235BD7F}.Debug|Any CPU.ActiveCfg = Debug|Any CPU
		{4E121630-5128-4A50-AFC9-A95E4235BD7F}.Debug|Any CPU.Build.0 = Debug|Any CPU
		{4E121630-5128-4A50-AFC9-A95E4235BD7F}.Release|Any CPU.ActiveCfg = Release|Any CPU
		{4E121630-5128-4A50-AFC9-A95E4235BD7F}.Release|Any CPU.Build.0 = Release|Any CPU
		{E6E800F3-4AAE-4C41-A2F6-A3D022EC96FF}.Debug|Any CPU.ActiveCfg = Debug|Any CPU
		{E6E800F3-4AAE-4C41-A2F6-A3D022EC96FF}.Debug|Any CPU.Build.0 = Debug|Any CPU
		{E6E800F3-4AAE-4C41-A2F6-A3D022EC96FF}.Release|Any CPU.ActiveCfg = Release|Any CPU
		{E6E800F3-4AAE-4C41-A2F6-A3D022EC96FF}.Release|Any CPU.Build.0 = Release|Any CPU
		{0033FE31-4D70-4077-A334-D39D0D0AD983}.Debug|Any CPU.ActiveCfg = Debug|Any CPU
		{0033FE31-4D70-4077-A334-D39D0D0AD983}.Debug|Any CPU.Build.0 = Debug|Any CPU
		{0033FE31-4D70-4077-A334-D39D0D0AD983}.Release|Any CPU.ActiveCfg = Release|Any CPU
		{0033FE31-4D70-4077-A334-D39D0D0AD983}.Release|Any CPU.Build.0 = Release|Any CPU
		{EE42DE5C-B06F-4AC2-8EC8-07394A9C3505}.Debug|Any CPU.ActiveCfg = Debug|Any CPU
		{EE42DE5C-B06F-4AC2-8EC8-07394A9C3505}.Debug|Any CPU.Build.0 = Debug|Any CPU
		{EE42DE5C-B06F-4AC2-8EC8-07394A9C3505}.Release|Any CPU.ActiveCfg = Release|Any CPU
		{EE42DE5C-B06F-4AC2-8EC8-07394A9C3505}.Release|Any CPU.Build.0 = Release|Any CPU
		{F827FC86-A7D6-46A4-A153-EE430EBF1F57}.Debug|Any CPU.ActiveCfg = Debug|Any CPU
		{F827FC86-A7D6-46A4-A153-EE430EBF1F57}.Debug|Any CPU.Build.0 = Debug|Any CPU
		{F827FC86-A7D6-46A4-A153-EE430EBF1F57}.Release|Any CPU.ActiveCfg = Release|Any CPU
		{F827FC86-A7D6-46A4-A153-EE430EBF1F57}.Release|Any CPU.Build.0 = Release|Any CPU
		{556F12C6-000D-4834-91D0-1C6481DFA16C}.Debug|Any CPU.ActiveCfg = Debug|Any CPU
		{556F12C6-000D-4834-91D0-1C6481DFA16C}.Debug|Any CPU.Build.0 = Debug|Any CPU
		{556F12C6-000D-4834-91D0-1C6481DFA16C}.Release|Any CPU.ActiveCfg = Release|Any CPU
		{556F12C6-000D-4834-91D0-1C6481DFA16C}.Release|Any CPU.Build.0 = Release|Any CPU
		{8E20A467-D96D-46EB-8169-9367F56C3C8F}.Debug|Any CPU.ActiveCfg = Debug|Any CPU
		{8E20A467-D96D-46EB-8169-9367F56C3C8F}.Debug|Any CPU.Build.0 = Debug|Any CPU
		{8E20A467-D96D-46EB-8169-9367F56C3C8F}.Release|Any CPU.ActiveCfg = Release|Any CPU
		{8E20A467-D96D-46EB-8169-9367F56C3C8F}.Release|Any CPU.Build.0 = Release|Any CPU
	EndGlobalSection
	GlobalSection(SolutionProperties) = preSolution
		HideSolutionNode = FALSE
	EndGlobalSection
	GlobalSection(NestedProjects) = preSolution
		{E737B0D4-6812-470A-93F3-A3631DCEBB7B} = {734C1299-3BA9-490C-BF23-D97262C65E8C}
		{D7B2C91D-5C5A-4CCB-81E9-CE1B90259D29} = {734C1299-3BA9-490C-BF23-D97262C65E8C}
		{325B1219-950B-4259-8C3F-2200255F8FB8} = {734C1299-3BA9-490C-BF23-D97262C65E8C}
		{F928A871-12A2-4F86-913F-13C7F5DBBAEB} = {734C1299-3BA9-490C-BF23-D97262C65E8C}
		{1E5D4A22-5D65-4890-9D0C-70C9C75F2FE8} = {734C1299-3BA9-490C-BF23-D97262C65E8C}
		{27B696F9-34D8-482B-A0DC-5F0A651FE749} = {734C1299-3BA9-490C-BF23-D97262C65E8C}
		{8D56631C-5686-416D-A58E-1B5B537DD165} = {27B696F9-34D8-482B-A0DC-5F0A651FE749}
		{2A314090-28C8-4655-9618-B65D8E2F46B9} = {D7B2C91D-5C5A-4CCB-81E9-CE1B90259D29}
		{66246B64-B00E-4CE1-ACA4-350CEA93E14F} = {27B696F9-34D8-482B-A0DC-5F0A651FE749}
		{EF0AB52B-C7CE-44B1-BEC3-6C092D681E1F} = {66246B64-B00E-4CE1-ACA4-350CEA93E14F}
		{06923EB3-39F4-4AA6-B18C-9CFB82B364BE} = {27B696F9-34D8-482B-A0DC-5F0A651FE749}
		{9D21E75B-CD23-4927-BDBA-094E43F3F2F6} = {27B696F9-34D8-482B-A0DC-5F0A651FE749}
		{5C64E06F-6DFD-4781-A313-07355D802612} = {27B696F9-34D8-482B-A0DC-5F0A651FE749}
		{4E121630-5128-4A50-AFC9-A95E4235BD7F} = {692066E4-7A05-47D1-94D5-D6D56D73471A}
		{E6E800F3-4AAE-4C41-A2F6-A3D022EC96FF} = {325B1219-950B-4259-8C3F-2200255F8FB8}
		{0033FE31-4D70-4077-A334-D39D0D0AD983} = {325B1219-950B-4259-8C3F-2200255F8FB8}
		{EE42DE5C-B06F-4AC2-8EC8-07394A9C3505} = {325B1219-950B-4259-8C3F-2200255F8FB8}
		{F827FC86-A7D6-46A4-A153-EE430EBF1F57} = {1E5D4A22-5D65-4890-9D0C-70C9C75F2FE8}
		{556F12C6-000D-4834-91D0-1C6481DFA16C} = {1E5D4A22-5D65-4890-9D0C-70C9C75F2FE8}
		{8E20A467-D96D-46EB-8169-9367F56C3C8F} = {1E5D4A22-5D65-4890-9D0C-70C9C75F2FE8}
	EndGlobalSection
	GlobalSection(ExtensibilityGlobals) = postSolution
		SolutionGuid = {BEF0D3D1-F8B3-4BBA-ADD5-560265F4C2AC}
	EndGlobalSection
EndGlobal
