
Microsoft Visual Studio Solution File, Format Version 12.00
# Visual Studio Version 16
VisualStudioVersion = 16.0.31005.135
MinimumVisualStudioVersion = 10.0.40219.1
Project("{FAE04EC0-301F-11D3-BF4B-00C04F79EFBC}") = "ModelApp.MVC", "src\ModelApp.MVC\ModelApp.MVC.csproj", "{0C444119-DA22-428F-ABB9-08C877FDB54A}"
EndProject
Global
	GlobalSection(SolutionConfigurationPlatforms) = preSolution
		Debug|Any CPU = Debug|Any CPU
		Release|Any CPU = Release|Any CPU
	EndGlobalSection
	GlobalSection(ProjectConfigurationPlatforms) = postSolution
		{0C444119-DA22-428F-ABB9-08C877FDB54A}.Debug|Any CPU.ActiveCfg = Debug|Any CPU
		{0C444119-DA22-428F-ABB9-08C877FDB54A}.Debug|Any CPU.Build.0 = Debug|Any CPU
		{0C444119-DA22-428F-ABB9-08C877FDB54A}.Release|Any CPU.ActiveCfg = Release|Any CPU
		{0C444119-DA22-428F-ABB9-08C877FDB54A}.Release|Any CPU.Build.0 = Release|Any CPU
	EndGlobalSection
	GlobalSection(SolutionProperties) = preSolution
		HideSolutionNode = FALSE
	EndGlobalSection
	GlobalSection(ExtensibilityGlobals) = postSolution
		SolutionGuid = {03CD065A-92DD-409A-81A6-21FCC6DD6E75}
	EndGlobalSection
EndGlobal
