
Microsoft Visual Studio Solution File, Format Version 12.00
# Visual Studio Version 16
VisualStudioVersion = 16.0.31205.134
MinimumVisualStudioVersion = 10.0.40219.1
Project("{2150E333-8FDC-42A3-9474-1A3956D46DE8}") = "01 - OOP", "01 - OOP", "{E0FC6AB3-62A8-47EB-8153-5843401CFC74}"
EndProject
Project("{2150E333-8FDC-42A3-9474-1A3956D46DE8}") = "02 - Modifiers", "02 - Modifiers", "{0A292AAB-BF32-4679-B9F4-F5574A4F8C5E}"
EndProject
Project("{2150E333-8FDC-42A3-9474-1A3956D46DE8}") = "03 - SOLID", "03 - SOLID", "{BE78D867-8F5C-41F5-B1E2-77DF2C29E343}"
EndProject
Project("{2150E333-8FDC-42A3-9474-1A3956D46DE8}") = "04 - DI", "04 - DI", "{BE56FFA8-0887-41CB-A555-52D99D692F81}"
EndProject
Project("{2150E333-8FDC-42A3-9474-1A3956D46DE8}") = "05 - Design Patterns", "05 - Design Patterns", "{23A640D0-D53D-4519-B3C3-380F0D57E2E3}"
EndProject
Project("{9A19103F-16F7-4668-BE54-9A1E7A4F7556}") = "OOP", "OOP\OOP.csproj", "{55496431-3672-47F8-8BF2-F461E8D067C6}"
EndProject
Project("{9A19103F-16F7-4668-BE54-9A1E7A4F7556}") = "ProjectA", "ProjectA\ProjectA.csproj", "{DF123F31-4598-4E52-9E6C-D50EF08D604B}"
EndProject
Project("{9A19103F-16F7-4668-BE54-9A1E7A4F7556}") = "ProjectB", "ProjectB\ProjectB.csproj", "{AE763195-70BB-4EAB-A9B2-35EECA9F708F}"
EndProject
Project("{9A19103F-16F7-4668-BE54-9A1E7A4F7556}") = "SOLID", "SOLID\SOLID.csproj", "{1140ABBE-BB59-4C03-ACE4-68D1992FC46D}"
EndProject
Project("{9A19103F-16F7-4668-BE54-9A1E7A4F7556}") = "DemoDI", "DemoDI\DemoDI.csproj", "{9082B0FD-DCB2-4DAB-917B-3F8C959A740A}"
EndProject
Project("{FAE04EC0-301F-11D3-BF4B-00C04F79EFBC}") = "DesignPatterns", "DesignPatterns\DesignPatterns.csproj", "{3C367FA8-F74A-4BFF-8DDE-1E1FD022E9A8}"
EndProject
Global
	GlobalSection(SolutionConfigurationPlatforms) = preSolution
		Debug|Any CPU = Debug|Any CPU
		Release|Any CPU = Release|Any CPU
	EndGlobalSection
	GlobalSection(ProjectConfigurationPlatforms) = postSolution
		{55496431-3672-47F8-8BF2-F461E8D067C6}.Debug|Any CPU.ActiveCfg = Debug|Any CPU
		{55496431-3672-47F8-8BF2-F461E8D067C6}.Debug|Any CPU.Build.0 = Debug|Any CPU
		{55496431-3672-47F8-8BF2-F461E8D067C6}.Release|Any CPU.ActiveCfg = Release|Any CPU
		{55496431-3672-47F8-8BF2-F461E8D067C6}.Release|Any CPU.Build.0 = Release|Any CPU
		{DF123F31-4598-4E52-9E6C-D50EF08D604B}.Debug|Any CPU.ActiveCfg = Debug|Any CPU
		{DF123F31-4598-4E52-9E6C-D50EF08D604B}.Debug|Any CPU.Build.0 = Debug|Any CPU
		{DF123F31-4598-4E52-9E6C-D50EF08D604B}.Release|Any CPU.ActiveCfg = Release|Any CPU
		{DF123F31-4598-4E52-9E6C-D50EF08D604B}.Release|Any CPU.Build.0 = Release|Any CPU
		{AE763195-70BB-4EAB-A9B2-35EECA9F708F}.Debug|Any CPU.ActiveCfg = Debug|Any CPU
		{AE763195-70BB-4EAB-A9B2-35EECA9F708F}.Debug|Any CPU.Build.0 = Debug|Any CPU
		{AE763195-70BB-4EAB-A9B2-35EECA9F708F}.Release|Any CPU.ActiveCfg = Release|Any CPU
		{AE763195-70BB-4EAB-A9B2-35EECA9F708F}.Release|Any CPU.Build.0 = Release|Any CPU
		{1140ABBE-BB59-4C03-ACE4-68D1992FC46D}.Debug|Any CPU.ActiveCfg = Debug|Any CPU
		{1140ABBE-BB59-4C03-ACE4-68D1992FC46D}.Debug|Any CPU.Build.0 = Debug|Any CPU
		{1140ABBE-BB59-4C03-ACE4-68D1992FC46D}.Release|Any CPU.ActiveCfg = Release|Any CPU
		{1140ABBE-BB59-4C03-ACE4-68D1992FC46D}.Release|Any CPU.Build.0 = Release|Any CPU
		{9082B0FD-DCB2-4DAB-917B-3F8C959A740A}.Debug|Any CPU.ActiveCfg = Debug|Any CPU
		{9082B0FD-DCB2-4DAB-917B-3F8C959A740A}.Debug|Any CPU.Build.0 = Debug|Any CPU
		{9082B0FD-DCB2-4DAB-917B-3F8C959A740A}.Release|Any CPU.ActiveCfg = Release|Any CPU
		{9082B0FD-DCB2-4DAB-917B-3F8C959A740A}.Release|Any CPU.Build.0 = Release|Any CPU
		{3C367FA8-F74A-4BFF-8DDE-1E1FD022E9A8}.Debug|Any CPU.ActiveCfg = Debug|Any CPU
		{3C367FA8-F74A-4BFF-8DDE-1E1FD022E9A8}.Debug|Any CPU.Build.0 = Debug|Any CPU
		{3C367FA8-F74A-4BFF-8DDE-1E1FD022E9A8}.Release|Any CPU.ActiveCfg = Release|Any CPU
		{3C367FA8-F74A-4BFF-8DDE-1E1FD022E9A8}.Release|Any CPU.Build.0 = Release|Any CPU
	EndGlobalSection
	GlobalSection(SolutionProperties) = preSolution
		HideSolutionNode = FALSE
	EndGlobalSection
	GlobalSection(NestedProjects) = preSolution
		{55496431-3672-47F8-8BF2-F461E8D067C6} = {E0FC6AB3-62A8-47EB-8153-5843401CFC74}
		{DF123F31-4598-4E52-9E6C-D50EF08D604B} = {0A292AAB-BF32-4679-B9F4-F5574A4F8C5E}
		{AE763195-70BB-4EAB-A9B2-35EECA9F708F} = {0A292AAB-BF32-4679-B9F4-F5574A4F8C5E}
		{1140ABBE-BB59-4C03-ACE4-68D1992FC46D} = {BE78D867-8F5C-41F5-B1E2-77DF2C29E343}
		{9082B0FD-DCB2-4DAB-917B-3F8C959A740A} = {BE56FFA8-0887-41CB-A555-52D99D692F81}
		{3C367FA8-F74A-4BFF-8DDE-1E1FD022E9A8} = {23A640D0-D53D-4519-B3C3-380F0D57E2E3}
	EndGlobalSection
	GlobalSection(ExtensibilityGlobals) = postSolution
		SolutionGuid = {1881C9A1-DB91-4C3A-893A-279A6BCE9C48}
	EndGlobalSection
EndGlobal
